
Microsoft Visual Studio Solution File, Format Version 12.00
Project("{FAE04EC0-301F-11D3-BF4B-00C04F79EFBC}") = "Laraue.Telegram.NET.MediatR", "src\Laraue.Telegram.NET.MediatR\Laraue.Telegram.NET.MediatR.csproj", "{53ED5332-82BA-4D29-B734-6B2C968CFB8D}"
EndProject
Project("{FAE04EC0-301F-11D3-BF4B-00C04F79EFBC}") = "Laraue.Telegram.NET.Abstractions", "src\Laraue.Telegram.NET.Abstractions\Laraue.Telegram.NET.Abstractions.csproj", "{3F74C50A-3C22-49E7-B1C9-125165FFAF38}"
EndProject
Project("{FAE04EC0-301F-11D3-BF4B-00C04F79EFBC}") = "Laraue.Telegram.NET.Core", "src\Laraue.Telegram.NET.Core\Laraue.Telegram.NET.Core.csproj", "{499AB3FE-0F5A-43D5-87CD-4D1FDC5B108E}"
EndProject
Project("{FAE04EC0-301F-11D3-BF4B-00C04F79EFBC}") = "Laraue.Telegram.NET.DataAccess", "src\Laraue.Telegram.NET.DataAccess\Laraue.Telegram.NET.DataAccess.csproj", "{EDF88D22-0C48-4065-945E-A587AFAD36F2}"
EndProject
Project("{FAE04EC0-301F-11D3-BF4B-00C04F79EFBC}") = "Laraue.Telegram.NET.Authentication", "src\Laraue.Telegram.NET.Authentication\Laraue.Telegram.NET.Authentication.csproj", "{4790F177-E6A8-4832-A477-36E807C3FA7F}"
EndProject
Project("{FAE04EC0-301F-11D3-BF4B-00C04F79EFBC}") = "Laraue.Telegram.NET.AnswerToQuestion", "src\Laraue.Telegram.NET.AnswerToQuestion\Laraue.Telegram.NET.AnswerToQuestion.csproj", "{B015F5DD-7D31-4F96-8F75-AE1BB5A87CB5}"
EndProject
Project("{2150E333-8FDC-42A3-9474-1A3956D46DE8}") = "src", "src", "{44318B0F-08DD-4ECF-A409-4E49BAA20D75}"
EndProject
Project("{2150E333-8FDC-42A3-9474-1A3956D46DE8}") = "tests", "tests", "{88B2A19A-B927-4053-87DE-275C1592053C}"
EndProject
Project("{FAE04EC0-301F-11D3-BF4B-00C04F79EFBC}") = "Laraue.Telegram.NET.Tests", "tests\Laraue.Telegram.NET.Tests\Laraue.Telegram.NET.Tests.csproj", "{FAC730FF-22FA-4C59-8E9A-5074CBC79668}"
EndProject
Global
	GlobalSection(SolutionConfigurationPlatforms) = preSolution
		Debug|Any CPU = Debug|Any CPU
		Release|Any CPU = Release|Any CPU
	EndGlobalSection
	GlobalSection(ProjectConfigurationPlatforms) = postSolution
		{53ED5332-82BA-4D29-B734-6B2C968CFB8D}.Debug|Any CPU.ActiveCfg = Debug|Any CPU
		{53ED5332-82BA-4D29-B734-6B2C968CFB8D}.Debug|Any CPU.Build.0 = Debug|Any CPU
		{53ED5332-82BA-4D29-B734-6B2C968CFB8D}.Release|Any CPU.ActiveCfg = Release|Any CPU
		{53ED5332-82BA-4D29-B734-6B2C968CFB8D}.Release|Any CPU.Build.0 = Release|Any CPU
		{3F74C50A-3C22-49E7-B1C9-125165FFAF38}.Debug|Any CPU.ActiveCfg = Debug|Any CPU
		{3F74C50A-3C22-49E7-B1C9-125165FFAF38}.Debug|Any CPU.Build.0 = Debug|Any CPU
		{3F74C50A-3C22-49E7-B1C9-125165FFAF38}.Release|Any CPU.ActiveCfg = Release|Any CPU
		{3F74C50A-3C22-49E7-B1C9-125165FFAF38}.Release|Any CPU.Build.0 = Release|Any CPU
		{499AB3FE-0F5A-43D5-87CD-4D1FDC5B108E}.Debug|Any CPU.ActiveCfg = Debug|Any CPU
		{499AB3FE-0F5A-43D5-87CD-4D1FDC5B108E}.Debug|Any CPU.Build.0 = Debug|Any CPU
		{499AB3FE-0F5A-43D5-87CD-4D1FDC5B108E}.Release|Any CPU.ActiveCfg = Release|Any CPU
		{499AB3FE-0F5A-43D5-87CD-4D1FDC5B108E}.Release|Any CPU.Build.0 = Release|Any CPU
		{EDF88D22-0C48-4065-945E-A587AFAD36F2}.Debug|Any CPU.ActiveCfg = Debug|Any CPU
		{EDF88D22-0C48-4065-945E-A587AFAD36F2}.Debug|Any CPU.Build.0 = Debug|Any CPU
		{EDF88D22-0C48-4065-945E-A587AFAD36F2}.Release|Any CPU.ActiveCfg = Release|Any CPU
		{EDF88D22-0C48-4065-945E-A587AFAD36F2}.Release|Any CPU.Build.0 = Release|Any CPU
		{4790F177-E6A8-4832-A477-36E807C3FA7F}.Debug|Any CPU.ActiveCfg = Debug|Any CPU
		{4790F177-E6A8-4832-A477-36E807C3FA7F}.Debug|Any CPU.Build.0 = Debug|Any CPU
		{4790F177-E6A8-4832-A477-36E807C3FA7F}.Release|Any CPU.ActiveCfg = Release|Any CPU
		{4790F177-E6A8-4832-A477-36E807C3FA7F}.Release|Any CPU.Build.0 = Release|Any CPU
		{B015F5DD-7D31-4F96-8F75-AE1BB5A87CB5}.Debug|Any CPU.ActiveCfg = Debug|Any CPU
		{B015F5DD-7D31-4F96-8F75-AE1BB5A87CB5}.Debug|Any CPU.Build.0 = Debug|Any CPU
		{B015F5DD-7D31-4F96-8F75-AE1BB5A87CB5}.Release|Any CPU.ActiveCfg = Release|Any CPU
		{B015F5DD-7D31-4F96-8F75-AE1BB5A87CB5}.Release|Any CPU.Build.0 = Release|Any CPU
		{FAC730FF-22FA-4C59-8E9A-5074CBC79668}.Debug|Any CPU.ActiveCfg = Debug|Any CPU
		{FAC730FF-22FA-4C59-8E9A-5074CBC79668}.Debug|Any CPU.Build.0 = Debug|Any CPU
		{FAC730FF-22FA-4C59-8E9A-5074CBC79668}.Release|Any CPU.ActiveCfg = Release|Any CPU
		{FAC730FF-22FA-4C59-8E9A-5074CBC79668}.Release|Any CPU.Build.0 = Release|Any CPU
	EndGlobalSection
	GlobalSection(NestedProjects) = preSolution
		{3F74C50A-3C22-49E7-B1C9-125165FFAF38} = {44318B0F-08DD-4ECF-A409-4E49BAA20D75}
		{B015F5DD-7D31-4F96-8F75-AE1BB5A87CB5} = {44318B0F-08DD-4ECF-A409-4E49BAA20D75}
		{4790F177-E6A8-4832-A477-36E807C3FA7F} = {44318B0F-08DD-4ECF-A409-4E49BAA20D75}
		{499AB3FE-0F5A-43D5-87CD-4D1FDC5B108E} = {44318B0F-08DD-4ECF-A409-4E49BAA20D75}
		{EDF88D22-0C48-4065-945E-A587AFAD36F2} = {44318B0F-08DD-4ECF-A409-4E49BAA20D75}
		{53ED5332-82BA-4D29-B734-6B2C968CFB8D} = {44318B0F-08DD-4ECF-A409-4E49BAA20D75}
		{FAC730FF-22FA-4C59-8E9A-5074CBC79668} = {88B2A19A-B927-4053-87DE-275C1592053C}
	EndGlobalSection
EndGlobal
